<?xml version="1.0" encoding="utf-8"?>
<Project ToolsVersion="4.0" xmlns="http://schemas.microsoft.com/developer/msbuild/2003">
  <ItemGroup>
    <Filter Include="소스 파일">
      <UniqueIdentifier>{4FC737F1-C7A5-4376-A066-2A32D752A2FF}</UniqueIdentifier>
      <Extensions>cpp;c;cc;cxx;c++;cppm;ixx;def;odl;idl;hpj;bat;asm;asmx</Extensions>
    </Filter>
    <Filter Include="헤더 파일">
      <UniqueIdentifier>{93995380-89BD-4b04-88EB-625FBE52EBFB}</UniqueIdentifier>
      <Extensions>h;hh;hpp;hxx;h++;hm;inl;inc;ipp;xsd</Extensions>
    </Filter>
    <Filter Include="리소스 파일">
      <UniqueIdentifier>{67DA6AB6-F800-4c08-8B7A-83BB121AAD01}</UniqueIdentifier>
      <Extensions>rc;ico;cur;bmp;dlg;rc2;rct;bin;rgs;gif;jpg;jpeg;jpe;resx;tiff;tif;png;wav;mfcribbon-ms</Extensions>
    </Filter>
    <Filter Include="CubeMan">
      <UniqueIdentifier>{0a4a27c7-0479-4023-8f5b-dd76a37b52be}</UniqueIdentifier>
    </Filter>
    <Filter Include="CubeMan\BodyParts">
      <UniqueIdentifier>{7a214be8-ff04-4a6c-9afa-0d16dc21a56f}</UniqueIdentifier>
    </Filter>
    <Filter Include="Obj">
      <UniqueIdentifier>{afc252c0-3e91-488d-ba68-fe6e160f5872}</UniqueIdentifier>
    </Filter>
    <Filter Include="Map">
      <UniqueIdentifier>{0033fb89-a693-4544-b86b-8164fa37d08d}</UniqueIdentifier>
    </Filter>
  </ItemGroup>
  <ItemGroup>
    <ClInclude Include="framework.h">
      <Filter>헤더 파일</Filter>
    </ClInclude>
    <ClInclude Include="targetver.h">
      <Filter>헤더 파일</Filter>
    </ClInclude>
    <ClInclude Include="Resource.h">
      <Filter>헤더 파일</Filter>
    </ClInclude>
    <ClInclude Include="DirectX_Learn.h">
      <Filter>헤더 파일</Filter>
    </ClInclude>
    <ClInclude Include="MainGame.h">
      <Filter>헤더 파일</Filter>
    </ClInclude>
    <ClInclude Include="DeviceManager.h">
      <Filter>헤더 파일</Filter>
    </ClInclude>
    <ClInclude Include="SingletonTemplate.h">
      <Filter>헤더 파일</Filter>
    </ClInclude>
    <ClInclude Include="Graphics.h">
      <Filter>헤더 파일</Filter>
    </ClInclude>
    <ClInclude Include="CubePC.h">
      <Filter>헤더 파일</Filter>
    </ClInclude>
    <ClInclude Include="Gizmo.h">
      <Filter>헤더 파일</Filter>
    </ClInclude>
    <ClInclude Include="Grid.h">
      <Filter>헤더 파일</Filter>
    </ClInclude>
    <ClInclude Include="Camera.h">
      <Filter>헤더 파일</Filter>
    </ClInclude>
    <ClInclude Include="CubePNT.h">
      <Filter>CubeMan</Filter>
    </ClInclude>
    <ClInclude Include="CubeNode.h">
      <Filter>CubeMan</Filter>
    </ClInclude>
    <ClInclude Include="Character.h">
      <Filter>CubeMan</Filter>
    </ClInclude>
    <ClInclude Include="CubeMan.h">
      <Filter>CubeMan</Filter>
    </ClInclude>
    <ClInclude Include="CmBody.h">
      <Filter>CubeMan\BodyParts</Filter>
    </ClInclude>
    <ClInclude Include="CmHead.h">
      <Filter>CubeMan\BodyParts</Filter>
    </ClInclude>
    <ClInclude Include="CmLeftArm.h">
      <Filter>CubeMan\BodyParts</Filter>
    </ClInclude>
    <ClInclude Include="CmLeftLeg.h">
      <Filter>CubeMan\BodyParts</Filter>
    </ClInclude>
    <ClInclude Include="CmRightArm.h">
      <Filter>CubeMan\BodyParts</Filter>
    </ClInclude>
    <ClInclude Include="CmRightLeg.h">
      <Filter>CubeMan\BodyParts</Filter>
    </ClInclude>
    <ClInclude Include="CubeManBodyParts.h">
      <Filter>CubeMan\BodyParts</Filter>
    </ClInclude>
    <ClInclude Include="Object.h">
      <Filter>헤더 파일</Filter>
    </ClInclude>
    <ClInclude Include="ObjectManager.h">
      <Filter>헤더 파일</Filter>
    </ClInclude>
    <ClInclude Include="TextureManager.h">
      <Filter>헤더 파일</Filter>
    </ClInclude>
    <ClInclude Include="ObjGroup.h">
      <Filter>헤더 파일</Filter>
    </ClInclude>
    <ClInclude Include="MtlTex.h">
      <Filter>헤더 파일</Filter>
    </ClInclude>
    <ClInclude Include="ObjLoader.h">
      <Filter>헤더 파일</Filter>
    </ClInclude>
    <ClInclude Include="iMap.h">
      <Filter>헤더 파일</Filter>
    </ClInclude>
    <ClInclude Include="ObjMap.h">
      <Filter>헤더 파일</Filter>
    </ClInclude>
  </ItemGroup>
  <ItemGroup>
    <ClCompile Include="DirectX_Learn.cpp">
      <Filter>소스 파일</Filter>
    </ClCompile>
    <ClCompile Include="MainGame.cpp">
      <Filter>소스 파일</Filter>
    </ClCompile>
    <ClCompile Include="DeviceManager.cpp">
      <Filter>소스 파일</Filter>
    </ClCompile>
    <ClCompile Include="Graphics.cpp">
      <Filter>소스 파일</Filter>
    </ClCompile>
    <ClCompile Include="CubePC.cpp">
      <Filter>소스 파일</Filter>
    </ClCompile>
    <ClCompile Include="Gizmo.cpp">
      <Filter>소스 파일</Filter>
    </ClCompile>
    <ClCompile Include="Grid.cpp">
      <Filter>소스 파일</Filter>
    </ClCompile>
    <ClCompile Include="Camera.cpp">
      <Filter>소스 파일</Filter>
    </ClCompile>
    <ClCompile Include="CubePNT.cpp">
      <Filter>CubeMan</Filter>
    </ClCompile>
    <ClCompile Include="CubeNode.cpp">
      <Filter>CubeMan</Filter>
    </ClCompile>
    <ClCompile Include="Character.cpp">
      <Filter>CubeMan</Filter>
    </ClCompile>
    <ClCompile Include="CubeMan.cpp">
      <Filter>CubeMan</Filter>
    </ClCompile>
    <ClCompile Include="CmBody.cpp">
      <Filter>CubeMan\BodyParts</Filter>
    </ClCompile>
    <ClCompile Include="CmHead.cpp">
      <Filter>CubeMan\BodyParts</Filter>
    </ClCompile>
    <ClCompile Include="CmLeftArm.cpp">
      <Filter>CubeMan\BodyParts</Filter>
    </ClCompile>
    <ClCompile Include="CmLeftLeg.cpp">
      <Filter>CubeMan\BodyParts</Filter>
    </ClCompile>
    <ClCompile Include="CmRightArm.cpp">
      <Filter>CubeMan\BodyParts</Filter>
    </ClCompile>
    <ClCompile Include="CmRightLeg.cpp">
      <Filter>CubeMan\BodyParts</Filter>
    </ClCompile>
    <ClCompile Include="CubeManBodyParts.cpp">
      <Filter>CubeMan\BodyParts</Filter>
    </ClCompile>
    <ClCompile Include="Object.cpp">
      <Filter>소스 파일</Filter>
    </ClCompile>
    <ClCompile Include="ObjectManager.cpp">
      <Filter>소스 파일</Filter>
    </ClCompile>
    <ClCompile Include="TextureManager.cpp">
      <Filter>소스 파일</Filter>
    </ClCompile>
    <ClCompile Include="ObjGroup.cpp">
      <Filter>소스 파일</Filter>
    </ClCompile>
    <ClCompile Include="MtlTex.cpp">
      <Filter>소스 파일</Filter>
    </ClCompile>
    <ClCompile Include="ObjLoader.cpp">
      <Filter>소스 파일</Filter>
    </ClCompile>
    <ClCompile Include="iMap.cpp">
      <Filter>소스 파일</Filter>
    </ClCompile>
    <ClCompile Include="ObjMap.cpp">
      <Filter>소스 파일</Filter>
    </ClCompile>
  </ItemGroup>
  <ItemGroup>
    <ResourceCompile Include="DirectX_Learn.rc">
      <Filter>리소스 파일</Filter>
    </ResourceCompile>
  </ItemGroup>
  <ItemGroup>
    <Image Include="small.ico">
      <Filter>리소스 파일</Filter>
    </Image>
    <Image Include="DirectX_Learn.ico">
      <Filter>리소스 파일</Filter>
    </Image>
  </ItemGroup>
</Project>